
Microsoft Visual Studio Solution File, Format Version 12.00
# Visual Studio Version 16
VisualStudioVersion = 16.0.30804.86
MinimumVisualStudioVersion = 10.0.40219.1
Project("{FAE04EC0-301F-11D3-BF4B-00C04F79EFBC}") = "Task_01", "Task_01.csproj", "{CE92BD4D-478F-4D67-B272-C8E3C6008C98}"
EndProject
Project("{FAE04EC0-301F-11D3-BF4B-00C04F79EFBC}") = "Task_02", "..\Task_02\Task_02.csproj", "{2C8446D4-5AFC-422D-87C4-F43EC4A0072F}"
EndProject
Global
	GlobalSection(SolutionConfigurationPlatforms) = preSolution
		Debug|Any CPU = Debug|Any CPU
		Release|Any CPU = Release|Any CPU
	EndGlobalSection
	GlobalSection(ProjectConfigurationPlatforms) = postSolution
		{CE92BD4D-478F-4D67-B272-C8E3C6008C98}.Debug|Any CPU.ActiveCfg = Debug|Any CPU
		{CE92BD4D-478F-4D67-B272-C8E3C6008C98}.Debug|Any CPU.Build.0 = Debug|Any CPU
		{CE92BD4D-478F-4D67-B272-C8E3C6008C98}.Release|Any CPU.ActiveCfg = Release|Any CPU
		{CE92BD4D-478F-4D67-B272-C8E3C6008C98}.Release|Any CPU.Build.0 = Release|Any CPU
		{2C8446D4-5AFC-422D-87C4-F43EC4A0072F}.Debug|Any CPU.ActiveCfg = Debug|Any CPU
		{2C8446D4-5AFC-422D-87C4-F43EC4A0072F}.Debug|Any CPU.Build.0 = Debug|Any CPU
		{2C8446D4-5AFC-422D-87C4-F43EC4A0072F}.Release|Any CPU.ActiveCfg = Release|Any CPU
		{2C8446D4-5AFC-422D-87C4-F43EC4A0072F}.Release|Any CPU.Build.0 = Release|Any CPU
	EndGlobalSection
	GlobalSection(SolutionProperties) = preSolution
		HideSolutionNode = FALSE
	EndGlobalSection
	GlobalSection(ExtensibilityGlobals) = postSolution
		SolutionGuid = {938811DB-9807-483A-A42D-5D3934FB5C38}
	EndGlobalSection
EndGlobal
