
Microsoft Visual Studio Solution File, Format Version 12.00
Project("{FAE04EC0-301F-11D3-BF4B-00C04F79EFBC}") = "Task_03", "Task_03.csproj", "{74DD3739-6050-4E35-97D2-52E6DE4CF6C6}"
EndProject
Global
	GlobalSection(SolutionConfigurationPlatforms) = preSolution
		Debug|Any CPU = Debug|Any CPU
		Release|Any CPU = Release|Any CPU
	EndGlobalSection
	GlobalSection(ProjectConfigurationPlatforms) = postSolution
		{74DD3739-6050-4E35-97D2-52E6DE4CF6C6}.Debug|Any CPU.ActiveCfg = Debug|Any CPU
		{74DD3739-6050-4E35-97D2-52E6DE4CF6C6}.Debug|Any CPU.Build.0 = Debug|Any CPU
		{74DD3739-6050-4E35-97D2-52E6DE4CF6C6}.Release|Any CPU.ActiveCfg = Release|Any CPU
		{74DD3739-6050-4E35-97D2-52E6DE4CF6C6}.Release|Any CPU.Build.0 = Release|Any CPU
	EndGlobalSection
EndGlobal
