
Microsoft Visual Studio Solution File, Format Version 12.00
Project("{FAE04EC0-301F-11D3-BF4B-00C04F79EFBC}") = "Task_01", "Task_01\Task_01.csproj", "{51DB1FB7-05A0-4305-9790-ACC9893CFE3D}"
EndProject
Project("{FAE04EC0-301F-11D3-BF4B-00C04F79EFBC}") = "Task_03", "Task_03\Task_03.csproj", "{8B7225E5-D803-4371-B79A-32E97ADDC45D}"
EndProject
Project("{FAE04EC0-301F-11D3-BF4B-00C04F79EFBC}") = "Task_04", "Task_04\Task_04.csproj", "{4087D40B-8E60-4F98-B855-72A9BB11414F}"
EndProject
Project("{FAE04EC0-301F-11D3-BF4B-00C04F79EFBC}") = "Task_05", "Task_05\Task_05.csproj", "{DA3ACCB5-E076-40DA-9A54-0AE5CA3BC208}"
EndProject
Global
	GlobalSection(SolutionConfigurationPlatforms) = preSolution
		Debug|Any CPU = Debug|Any CPU
		Release|Any CPU = Release|Any CPU
	EndGlobalSection
	GlobalSection(ProjectConfigurationPlatforms) = postSolution
		{51DB1FB7-05A0-4305-9790-ACC9893CFE3D}.Debug|Any CPU.ActiveCfg = Debug|Any CPU
		{51DB1FB7-05A0-4305-9790-ACC9893CFE3D}.Debug|Any CPU.Build.0 = Debug|Any CPU
		{51DB1FB7-05A0-4305-9790-ACC9893CFE3D}.Release|Any CPU.ActiveCfg = Release|Any CPU
		{51DB1FB7-05A0-4305-9790-ACC9893CFE3D}.Release|Any CPU.Build.0 = Release|Any CPU
		{8B7225E5-D803-4371-B79A-32E97ADDC45D}.Debug|Any CPU.ActiveCfg = Debug|Any CPU
		{8B7225E5-D803-4371-B79A-32E97ADDC45D}.Debug|Any CPU.Build.0 = Debug|Any CPU
		{8B7225E5-D803-4371-B79A-32E97ADDC45D}.Release|Any CPU.ActiveCfg = Release|Any CPU
		{8B7225E5-D803-4371-B79A-32E97ADDC45D}.Release|Any CPU.Build.0 = Release|Any CPU
		{4087D40B-8E60-4F98-B855-72A9BB11414F}.Debug|Any CPU.ActiveCfg = Debug|Any CPU
		{4087D40B-8E60-4F98-B855-72A9BB11414F}.Debug|Any CPU.Build.0 = Debug|Any CPU
		{4087D40B-8E60-4F98-B855-72A9BB11414F}.Release|Any CPU.ActiveCfg = Release|Any CPU
		{4087D40B-8E60-4F98-B855-72A9BB11414F}.Release|Any CPU.Build.0 = Release|Any CPU
		{DA3ACCB5-E076-40DA-9A54-0AE5CA3BC208}.Debug|Any CPU.ActiveCfg = Debug|Any CPU
		{DA3ACCB5-E076-40DA-9A54-0AE5CA3BC208}.Debug|Any CPU.Build.0 = Debug|Any CPU
		{DA3ACCB5-E076-40DA-9A54-0AE5CA3BC208}.Release|Any CPU.ActiveCfg = Release|Any CPU
		{DA3ACCB5-E076-40DA-9A54-0AE5CA3BC208}.Release|Any CPU.Build.0 = Release|Any CPU
	EndGlobalSection
EndGlobal
